
Microsoft Visual Studio Solution File, Format Version 12.00
# Visual Studio Version 17
VisualStudioVersion = 17.5.002.0
MinimumVisualStudioVersion = 10.0.40219.1
Project("{9A19103F-16F7-4668-BE54-9A1E7A4F7556}") = "Core - Backup.Tests", "Core - Backup.Tests.csproj", "{237D06FE-4BF7-4A71-93CE-09EAF1340373}"
EndProject
Project("{9A19103F-16F7-4668-BE54-9A1E7A4F7556}") = "Core.Tests", "Core.Tests.csproj", "{A2505792-E6AA-457C-A344-1BC2BD87F63C}"
EndProject
Global
	GlobalSection(SolutionConfigurationPlatforms) = preSolution
		Debug|Any CPU = Debug|Any CPU
		Release|Any CPU = Release|Any CPU
	EndGlobalSection
	GlobalSection(ProjectConfigurationPlatforms) = postSolution
		{237D06FE-4BF7-4A71-93CE-09EAF1340373}.Debug|Any CPU.ActiveCfg = Debug|Any CPU
		{237D06FE-4BF7-4A71-93CE-09EAF1340373}.Debug|Any CPU.Build.0 = Debug|Any CPU
		{237D06FE-4BF7-4A71-93CE-09EAF1340373}.Release|Any CPU.ActiveCfg = Release|Any CPU
		{237D06FE-4BF7-4A71-93CE-09EAF1340373}.Release|Any CPU.Build.0 = Release|Any CPU
		{A2505792-E6AA-457C-A344-1BC2BD87F63C}.Debug|Any CPU.ActiveCfg = Debug|Any CPU
		{A2505792-E6AA-457C-A344-1BC2BD87F63C}.Debug|Any CPU.Build.0 = Debug|Any CPU
		{A2505792-E6AA-457C-A344-1BC2BD87F63C}.Release|Any CPU.ActiveCfg = Release|Any CPU
		{A2505792-E6AA-457C-A344-1BC2BD87F63C}.Release|Any CPU.Build.0 = Release|Any CPU
	EndGlobalSection
	GlobalSection(SolutionProperties) = preSolution
		HideSolutionNode = FALSE
	EndGlobalSection
	GlobalSection(ExtensibilityGlobals) = postSolution
		SolutionGuid = {D4112579-2E2B-4671-A845-CB1B0A7BF73F}
	EndGlobalSection
EndGlobal
